
Microsoft Visual Studio Solution File, Format Version 12.00
# Visual Studio 2012
Project("{FAE04EC0-301F-11D3-BF4B-00C04F79EFBC}") = "ASPRssReader", "ASPRssReader\ASPRssReader.csproj", "{462FD201-CE11-46EA-ABE7-067A7677D398}"
EndProject
Global
	GlobalSection(SolutionConfigurationPlatforms) = preSolution
		Debug|Any CPU = Debug|Any CPU
		Release|Any CPU = Release|Any CPU
	EndGlobalSection
	GlobalSection(ProjectConfigurationPlatforms) = postSolution
		{462FD201-CE11-46EA-ABE7-067A7677D398}.Debug|Any CPU.ActiveCfg = Debug|Any CPU
		{462FD201-CE11-46EA-ABE7-067A7677D398}.Debug|Any CPU.Build.0 = Debug|Any CPU
		{462FD201-CE11-46EA-ABE7-067A7677D398}.Release|Any CPU.ActiveCfg = Release|Any CPU
		{462FD201-CE11-46EA-ABE7-067A7677D398}.Release|Any CPU.Build.0 = Release|Any CPU
	EndGlobalSection
	GlobalSection(SolutionProperties) = preSolution
		HideSolutionNode = FALSE
	EndGlobalSection
EndGlobal
